<?xml version="1.0" encoding="utf-8"?>
<Project ToolsVersion="4.0" xmlns="http://schemas.microsoft.com/developer/msbuild/2003">
  <ItemGroup>
    <ClCompile Include="basic\basic_imgui.cpp">
      <Filter>Source Files</Filter>
    </ClCompile>
    <ClCompile Include="basic\Coordinate.cpp">
      <Filter>Source Files</Filter>
    </ClCompile>
    <ClCompile Include="external\imgui\imgui.cpp">
      <Filter>Source Files</Filter>
    </ClCompile>
    <ClCompile Include="external\imgui\imgui_draw.cpp">
      <Filter>Source Files</Filter>
    </ClCompile>
    <ClCompile Include="external\imgui\imgui_impl_glfw.cpp">
      <Filter>Source Files</Filter>
    </ClCompile>
    <ClCompile Include="external\imgui\imgui_impl_opengl3.cpp">
      <Filter>Source Files</Filter>
    </ClCompile>
    <ClCompile Include="external\imgui\imgui_tables.cpp">
      <Filter>Source Files</Filter>
    </ClCompile>
    <ClCompile Include="external\imgui\imgui_widgets.cpp">
      <Filter>Source Files</Filter>
    </ClCompile>
    <ClCompile Include="basic\opengl_input.cpp">
      <Filter>Source Files</Filter>
    </ClCompile>
    <ClCompile Include="main.cpp">
      <Filter>Source Files</Filter>
    </ClCompile>
    <ClCompile Include="simulation_main.cpp">
      <Filter>Source Files</Filter>
    </ClCompile>
    <ClCompile Include="external\glad.c">
      <Filter>Source Files</Filter>
    </ClCompile>
    <ClCompile Include="render\imgui_windows.cpp">
      <Filter>Source Files</Filter>
    </ClCompile>
    <ClCompile Include="scene.cpp">
      <Filter>Source Files</Filter>
    </ClCompile>
    <ClCompile Include="load_mesh\preprocessing.cpp">
      <Filter>Source Files</Filter>
    </ClCompile>
    <ClCompile Include="load_mesh\set_model.cpp">
      <Filter>Source Files</Filter>
    </ClCompile>
    <ClCompile Include="mesh_struct\triangle_mesh_struct.cpp">
      <Filter>Source Files</Filter>
    </ClCompile>
    <ClCompile Include="object\triangle_object.cpp">
      <Filter>Source Files</Filter>
    </ClCompile>
    <ClCompile Include="object\cloth.cpp">
      <Filter>Source Files</Filter>
    </ClCompile>
    <ClCompile Include="thread.cpp">
      <Filter>Source Files</Filter>
    </ClCompile>
    <ClCompile Include="mesh_struct\mesh_struct.cpp">
      <Filter>Source Files</Filter>
    </ClCompile>
    <ClCompile Include="object\object.cpp">
      <Filter>Source Files</Filter>
    </ClCompile>
    <ClCompile Include="object\tetrahedron.cpp">
      <Filter>Source Files</Filter>
    </ClCompile>
    <ClCompile Include="object\collider.cpp">
      <Filter>Source Files</Filter>
    </ClCompile>
    <ClCompile Include="render\shadow.cpp">
      <Filter>Source Files</Filter>
    </ClCompile>
    <ClCompile Include="basic\cursor.cpp">
      <Filter>Source Files</Filter>
    </ClCompile>
    <ClCompile Include="project_dynamic.cpp">
      <Filter>Source Files</Filter>
    </ClCompile>
    <ClCompile Include="collision\BVH.cpp">
      <Filter>Source Files</Filter>
    </ClCompile>
    <ClCompile Include="collision\collision.cpp">
      <Filter>Source Files</Filter>
    </ClCompile>
    <ClCompile Include="basic\pick_triangle.cpp">
      <Filter>Source Files</Filter>
    </ClCompile>
    <ClCompile Include="load_mesh\read_ele.cpp">
      <Filter>Source Files</Filter>
    </ClCompile>
    <ClCompile Include="mesh_struct\tetrahedron_mesh_struct.cpp">
      <Filter>Source Files</Filter>
    </ClCompile>
    <ClCompile Include="basic\set_tetrahedron_anchor.cpp">
      <Filter>Source Files</Filter>
    </ClCompile>
    <ClCompile Include="basic\draw_vertex.cpp">
      <Filter>Source Files</Filter>
    </ClCompile>
    <ClCompile Include="basic\camera.cpp">
      <Filter>Source Files</Filter>
    </ClCompile>
    <ClCompile Include="collision\predictive_contact.cpp">
      <Filter>Source Files</Filter>
    </ClCompile>
    <ClCompile Include="collision\spatial_hashing.cpp">
      <Filter>Source Files</Filter>
    </ClCompile>
    <ClCompile Include="collision\parallel_radix_sort.cpp">
      <Filter>Source Files</Filter>
    </ClCompile>
    <ClCompile Include="collision\ApproxCCD.cpp">
      <Filter>Source Files</Filter>
    </ClCompile>
    <ClCompile Include="collision\collision_constraint.cpp">
      <Filter>Source Files</Filter>
    </ClCompile>
    <ClCompile Include="collision\rootparitycollisiontest.cpp">
      <Filter>Source Files</Filter>
    </ClCompile>
    <ClCompile Include="collision\expansion.cpp">
      <Filter>Source Files</Filter>
    </ClCompile>
    <ClCompile Include="collision\interval.cpp">
      <Filter>Source Files</Filter>
    </ClCompile>
    <ClCompile Include="collision\TightCCD.cpp">
      <Filter>Source Files</Filter>
    </ClCompile>
    <ClCompile Include="iteration_method.cpp">
      <Filter>Source Files</Filter>
    </ClCompile>
    <ClCompile Include="basic\object_chosen_indicator.cpp">
      <Filter>Source Files</Filter>
    </ClCompile>
    <ClCompile Include="collision\root_finder.cpp">
      <Filter>Source Files</Filter>
    </ClCompile>
    <ClCompile Include="collision\CTCD.cpp">
      <Filter>Source Files</Filter>
    </ClCompile>
    <ClCompile Include="collision\DCD.cpp">
      <Filter>Source Files</Filter>
    </ClCompile>
    <ClCompile Include="XPBD\XPBD.cpp">
      <Filter>Source Files</Filter>
    </ClCompile>
    <ClCompile Include="XPBD\XPBD_constraint.cpp">
      <Filter>Source Files</Filter>
    </ClCompile>
    <ClCompile Include="basic\floor.cpp">
      <Filter>Source Files</Filter>
    </ClCompile>
    <ClCompile Include="collision\draw_collision.cpp">
      <Filter>Source Files</Filter>
    </ClCompile>
    <ClCompile Include="collision\test_draw_collision.cpp">
      <Filter>Source Files</Filter>
    </ClCompile>
    <ClCompile Include="basic\move_object.cpp">
      <Filter>Source Files</Filter>
    </ClCompile>
    <ClCompile Include="collision\draw_spatial_hashing.cpp">
      <Filter>Source Files</Filter>
    </ClCompile>
    <ClCompile Include="newton_method.cpp">
      <Filter>Source Files</Filter>
    </ClCompile>
    <ClCompile Include="basic\move_model.cpp">
      <Filter>Source Files</Filter>
    </ClCompile>
    <ClCompile Include="mesh_struct\graph_color.cpp">
      <Filter>Source Files</Filter>
    </ClCompile>
    <ClCompile Include="basic\drawEdge.cpp">
      <Filter>Source Files</Filter>
    </ClCompile>
    <ClCompile Include="basic\save_scene.cpp">
      <Filter>Source Files</Filter>
    </ClCompile>
    <ClCompile Include="XPBD\second_order.cpp">
      <Filter>Source Files</Filter>
    </ClCompile>
    <ClCompile Include="XPBD_large_system.cpp">
      <Filter>Source Files</Filter>
    </ClCompile>
    <ClCompile Include="compute_energy.cpp">
      <Filter>Source Files</Filter>
    </ClCompile>
  </ItemGroup>
  <ItemGroup>
    <ClInclude Include="basic\basic_imgui.h">
      <Filter>Header Files</Filter>
    </ClInclude>
    <ClInclude Include="basic\camera.h">
      <Filter>Header Files</Filter>
    </ClInclude>
    <ClInclude Include="basic\Coordinate.h">
      <Filter>Header Files</Filter>
    </ClInclude>
    <ClInclude Include="basic\global.h">
      <Filter>Header Files</Filter>
    </ClInclude>
    <ClInclude Include="external\imgui\imgui.h">
      <Filter>Header Files</Filter>
    </ClInclude>
    <ClInclude Include="external\imgui\imgui_impl_glfw.h">
      <Filter>Header Files</Filter>
    </ClInclude>
    <ClInclude Include="external\imgui\imgui_impl_opengl3.h">
      <Filter>Header Files</Filter>
    </ClInclude>
    <ClInclude Include="basic\opengl_input.h">
      <Filter>Header Files</Filter>
    </ClInclude>
    <ClInclude Include="simulation_main.h">
      <Filter>Header Files</Filter>
    </ClInclude>
    <ClInclude Include="basic\enum_setting.h">
      <Filter>Header Files</Filter>
    </ClInclude>
    <ClInclude Include="render\imgui_windows.h">
      <Filter>Header Files</Filter>
    </ClInclude>
    <ClInclude Include="scene.h">
      <Filter>Header Files</Filter>
    </ClInclude>
    <ClInclude Include="load_mesh\preprocessing.h">
      <Filter>Header Files</Filter>
    </ClInclude>
    <ClInclude Include="load_mesh\set_model.h">
      <Filter>Header Files</Filter>
    </ClInclude>
    <ClInclude Include="global_struct.h">
      <Filter>Header Files</Filter>
    </ClInclude>
    <ClInclude Include="mesh_struct\mesh_struct.h">
      <Filter>Header Files</Filter>
    </ClInclude>
    <ClInclude Include="mesh_struct\triangle_mesh_struct.h">
      <Filter>Header Files</Filter>
    </ClInclude>
    <ClInclude Include="load_mesh\readObj.h">
      <Filter>Header Files</Filter>
    </ClInclude>
    <ClInclude Include="load_mesh\writeObj.h">
      <Filter>Header Files</Filter>
    </ClInclude>
    <ClInclude Include="object\triangle_object.h">
      <Filter>Header Files</Filter>
    </ClInclude>
    <ClInclude Include="object\cloth.h">
      <Filter>Header Files</Filter>
    </ClInclude>
    <ClInclude Include="thread.h">
      <Filter>Header Files</Filter>
    </ClInclude>
    <ClInclude Include="object\object.h">
      <Filter>Header Files</Filter>
    </ClInclude>
    <ClInclude Include="mesh_struct\tetrahedron_mesh_struct.h">
      <Filter>Header Files</Filter>
    </ClInclude>
    <ClInclude Include="object\tetrahedron.h">
      <Filter>Header Files</Filter>
    </ClInclude>
    <ClInclude Include="object\collider.h">
      <Filter>Header Files</Filter>
    </ClInclude>
    <ClInclude Include="render\shadow.h">
      <Filter>Header Files</Filter>
    </ClInclude>
    <ClInclude Include="basic\intersection.h">
      <Filter>Header Files</Filter>
    </ClInclude>
    <ClInclude Include="basic\cursor.h">
      <Filter>Header Files</Filter>
    </ClInclude>
    <ClInclude Include="project_dynamic.h">
      <Filter>Header Files</Filter>
    </ClInclude>
    <ClInclude Include="collision\BVH.h">
      <Filter>Header Files</Filter>
    </ClInclude>
    <ClInclude Include="basic\aabb.h">
      <Filter>Header Files</Filter>
    </ClInclude>
    <ClInclude Include="collision\collision.h">
      <Filter>Header Files</Filter>
    </ClInclude>
    <ClInclude Include="basic\pick_triangle.h">
      <Filter>Header Files</Filter>
    </ClInclude>
    <ClInclude Include="load_mesh\read_ele.h">
      <Filter>Header Files</Filter>
    </ClInclude>
    <ClInclude Include="basic\set_tetrahedron_anchor.h">
      <Filter>Header Files</Filter>
    </ClInclude>
    <ClInclude Include="basic\draw_vertex.h">
      <Filter>Header Files</Filter>
    </ClInclude>
    <ClInclude Include="collision\predictive_contact.h">
      <Filter>Header Files</Filter>
    </ClInclude>
    <ClInclude Include="not used\createMesh.h">
      <Filter>Header Files</Filter>
    </ClInclude>
    <ClInclude Include="collision\spatial_hashing.h">
      <Filter>Header Files</Filter>
    </ClInclude>
    <ClInclude Include="collision\parallel_radix_sort.h">
      <Filter>Header Files</Filter>
    </ClInclude>
    <ClInclude Include="collision\ApproxCCD.h">
      <Filter>Header Files</Filter>
    </ClInclude>
    <ClInclude Include="collision\collision_constraint.h">
      <Filter>Header Files</Filter>
    </ClInclude>
    <ClInclude Include="collision\TightCCD.h">
      <Filter>Header Files</Filter>
    </ClInclude>
    <ClInclude Include="collision\floating.h">
      <Filter>Header Files</Filter>
    </ClInclude>
    <ClInclude Include="collision\CCD.h">
      <Filter>Header Files</Filter>
    </ClInclude>
    <ClInclude Include="collision\primitive_distance.h">
      <Filter>Header Files</Filter>
    </ClInclude>
    <ClInclude Include="iteration_method.h">
      <Filter>Header Files</Filter>
    </ClInclude>
    <ClInclude Include="basic\EigenMatrixIO.h">
      <Filter>Header Files</Filter>
    </ClInclude>
    <ClInclude Include="basic\write_txt.h">
      <Filter>Header Files</Filter>
    </ClInclude>
    <ClInclude Include="basic\object_chosen_indicator.h">
      <Filter>Header Files</Filter>
    </ClInclude>
    <ClInclude Include="collision\root_finder.h">
      <Filter>Header Files</Filter>
    </ClInclude>
    <ClInclude Include="collision\CTCD.h">
      <Filter>Header Files</Filter>
    </ClInclude>
    <ClInclude Include="collision\DCD.h">
      <Filter>Header Files</Filter>
    </ClInclude>
    <ClInclude Include="XPBD\XPBD.h">
      <Filter>Header Files</Filter>
    </ClInclude>
    <ClInclude Include="XPBD\XPBD_constraint.h">
      <Filter>Header Files</Filter>
    </ClInclude>
    <ClInclude Include="basic\floor.h">
      <Filter>Header Files</Filter>
    </ClInclude>
    <ClInclude Include="collision\draw_collision.h">
      <Filter>Header Files</Filter>
    </ClInclude>
    <ClInclude Include="collision\test_draw_collision.h">
      <Filter>Header Files</Filter>
    </ClInclude>
    <ClInclude Include="basic\move_object.h">
      <Filter>Header Files</Filter>
    </ClInclude>
    <ClInclude Include="collision\draw_spatial_hashing.h">
      <Filter>Header Files</Filter>
    </ClInclude>
    <ClInclude Include="newton_method.h">
      <Filter>Header Files</Filter>
    </ClInclude>
    <ClInclude Include="test_simu.h">
      <Filter>Header Files</Filter>
    </ClInclude>
    <ClInclude Include="test_assemble_matrix_newton.h">
      <Filter>Header Files</Filter>
    </ClInclude>
    <ClInclude Include="basic\move_model.h">
      <Filter>Header Files</Filter>
    </ClInclude>
    <ClInclude Include="mesh_struct\graph_color.h">
      <Filter>Header Files</Filter>
    </ClInclude>
    <ClInclude Include="basic\drawEdge.h">
      <Filter>Header Files</Filter>
    </ClInclude>
    <ClInclude Include="basic\save_scene.h">
      <Filter>Header Files</Filter>
    </ClInclude>
    <ClInclude Include="basic\save_simulate_parameter.h">
      <Filter>Header Files</Filter>
    </ClInclude>
    <ClInclude Include="XPBD\second_order.h">
      <Filter>Header Files</Filter>
    </ClInclude>
    <ClInclude Include="XPBD_large_system.h">
      <Filter>Header Files</Filter>
    </ClInclude>
    <ClInclude Include="XPBD\FEM_relate.h">
      <Filter>Header Files</Filter>
    </ClInclude>
    <ClInclude Include="compute_energy.h">
      <Filter>Header Files</Filter>
    </ClInclude>
  </ItemGroup>
  <ItemGroup>
    <Filter Include="Header Files">
      <UniqueIdentifier>{2d201d64-9578-45e2-ba56-2b6953e9fb9d}</UniqueIdentifier>
      <Extensions>h;hh;hpp;hxx;h++;hm;inl;inc;ipp;xsd</Extensions>
    </Filter>
    <Filter Include="Source Files">
      <UniqueIdentifier>{6bd74d4d-aaae-4a8b-bf32-d2fe222b39d6}</UniqueIdentifier>
      <Extensions>cpp;c;cc;cxx;c++;cppm;ixx;def;odl;idl;hpj;bat;asm;asmx</Extensions>
    </Filter>
    <Filter Include="Resource Files">
      <UniqueIdentifier>{c88a25d7-6f87-4b15-952e-1cf6ec85f35f}</UniqueIdentifier>
      <Extensions>rc;ico;cur;bmp;dlg;rc2;rct;bin;rgs;gif;jpg;jpeg;jpe;resx;tiff;tif;png;wav;mfcribbon-ms</Extensions>
    </Filter>
  </ItemGroup>
</Project>